
Microsoft Visual Studio Solution File, Format Version 12.00
# Visual Studio Version 17
VisualStudioVersion = 17.4.33213.308
MinimumVisualStudioVersion = 10.0.40219.1
Project("{FAE04EC0-301F-11D3-BF4B-00C04F79EFBC}") = "modul3_1302190044", "modul3_1302190044\modul3_1302190044.csproj", "{3D0E0F20-83BA-4E02-813D-3EB5E9BBE56E}"
EndProject
Global
	GlobalSection(SolutionConfigurationPlatforms) = preSolution
		Debug|Any CPU = Debug|Any CPU
		Release|Any CPU = Release|Any CPU
	EndGlobalSection
	GlobalSection(ProjectConfigurationPlatforms) = postSolution
		{3D0E0F20-83BA-4E02-813D-3EB5E9BBE56E}.Debug|Any CPU.ActiveCfg = Debug|Any CPU
		{3D0E0F20-83BA-4E02-813D-3EB5E9BBE56E}.Debug|Any CPU.Build.0 = Debug|Any CPU
		{3D0E0F20-83BA-4E02-813D-3EB5E9BBE56E}.Release|Any CPU.ActiveCfg = Release|Any CPU
		{3D0E0F20-83BA-4E02-813D-3EB5E9BBE56E}.Release|Any CPU.Build.0 = Release|Any CPU
	EndGlobalSection
	GlobalSection(SolutionProperties) = preSolution
		HideSolutionNode = FALSE
	EndGlobalSection
	GlobalSection(ExtensibilityGlobals) = postSolution
		SolutionGuid = {919CAA41-2F11-4453-91FF-29F45023D83E}
	EndGlobalSection
EndGlobal
